
Microsoft Visual Studio Solution File, Format Version 12.00
# Visual Studio Version 17
VisualStudioVersion = 17.14.36623.8
MinimumVisualStudioVersion = 10.0.40219.1
Project("{FAE04EC0-301F-11D3-BF4B-00C04F79EFBC}") = "SCLOCVerse", "SCLOCVerse\SCLOCVerse.csproj", "{2A84ED7C-370D-4889-80E1-B8D302D36073}"
EndProject
Project("{FAE04EC0-301F-11D3-BF4B-00C04F79EFBC}") = "SCLOCVerse.ControlCenter", "SCLOCVerse.ControlCenter\SCLOCVerse.ControlCenter.csproj", "{9674D388-6C8C-47B2-8BD8-89AE892532C1}"
EndProject
Project("{FAE04EC0-301F-11D3-BF4B-00C04F79EFBC}") = "SCLOCVerse.Notifications", "SCLOCVerse.Notifications\SCLOCVerse.Notifications.csproj", "{12865D78-4B7E-4C81-B0F5-E16B4F343890}"
EndProject
Project("{FAE04EC0-301F-11D3-BF4B-00C04F79EFBC}") = "SCLOCVerse.Notifier", "SCLOCVerse.Notifier\SCLOCVerse.Notifier.csproj", "{BBA8982D-9FD9-453E-8A24-1B8C7638F6F6}"
EndProject
Project("{FAE04EC0-301F-11D3-BF4B-00C04F79EFBC}") = "SCLOCVerse.Tests", "SCLOCVerse.Tests\SCLOCVerse.Tests.csproj", "{7450259F-8BF9-43A8-A731-43225E0A84EB}"
EndProject
Global
	GlobalSection(SolutionConfigurationPlatforms) = preSolution
		Debug|Any CPU = Debug|Any CPU
		Debug|x64 = Debug|x64
		Debug|x86 = Debug|x86
		Release|Any CPU = Release|Any CPU
		Release|x64 = Release|x64
		Release|x86 = Release|x86
	EndGlobalSection
	GlobalSection(ProjectConfigurationPlatforms) = postSolution
		{2A84ED7C-370D-4889-80E1-B8D302D36073}.Debug|Any CPU.ActiveCfg = Debug|Any CPU
		{2A84ED7C-370D-4889-80E1-B8D302D36073}.Debug|Any CPU.Build.0 = Debug|Any CPU
		{2A84ED7C-370D-4889-80E1-B8D302D36073}.Debug|x64.ActiveCfg = Debug|Any CPU
		{2A84ED7C-370D-4889-80E1-B8D302D36073}.Debug|x64.Build.0 = Debug|Any CPU
		{2A84ED7C-370D-4889-80E1-B8D302D36073}.Debug|x86.ActiveCfg = Debug|Any CPU
		{2A84ED7C-370D-4889-80E1-B8D302D36073}.Debug|x86.Build.0 = Debug|Any CPU
		{2A84ED7C-370D-4889-80E1-B8D302D36073}.Release|Any CPU.ActiveCfg = Release|Any CPU
		{2A84ED7C-370D-4889-80E1-B8D302D36073}.Release|Any CPU.Build.0 = Release|Any CPU
		{2A84ED7C-370D-4889-80E1-B8D302D36073}.Release|x64.ActiveCfg = Release|Any CPU
		{2A84ED7C-370D-4889-80E1-B8D302D36073}.Release|x64.Build.0 = Release|Any CPU
		{2A84ED7C-370D-4889-80E1-B8D302D36073}.Release|x86.ActiveCfg = Release|Any CPU
		{2A84ED7C-370D-4889-80E1-B8D302D36073}.Release|x86.Build.0 = Release|Any CPU
		{9674D388-6C8C-47B2-8BD8-89AE892532C1}.Debug|Any CPU.ActiveCfg = Debug|Any CPU
		{9674D388-6C8C-47B2-8BD8-89AE892532C1}.Debug|Any CPU.Build.0 = Debug|Any CPU
		{9674D388-6C8C-47B2-8BD8-89AE892532C1}.Debug|x64.ActiveCfg = Debug|Any CPU
		{9674D388-6C8C-47B2-8BD8-89AE892532C1}.Debug|x64.Build.0 = Debug|Any CPU
		{9674D388-6C8C-47B2-8BD8-89AE892532C1}.Debug|x86.ActiveCfg = Debug|Any CPU
		{9674D388-6C8C-47B2-8BD8-89AE892532C1}.Debug|x86.Build.0 = Debug|Any CPU
		{9674D388-6C8C-47B2-8BD8-89AE892532C1}.Release|Any CPU.ActiveCfg = Release|Any CPU
		{9674D388-6C8C-47B2-8BD8-89AE892532C1}.Release|Any CPU.Build.0 = Release|Any CPU
		{9674D388-6C8C-47B2-8BD8-89AE892532C1}.Release|x64.ActiveCfg = Release|Any CPU
		{9674D388-6C8C-47B2-8BD8-89AE892532C1}.Release|x64.Build.0 = Release|Any CPU
		{9674D388-6C8C-47B2-8BD8-89AE892532C1}.Release|x86.ActiveCfg = Release|Any CPU
		{9674D388-6C8C-47B2-8BD8-89AE892532C1}.Release|x86.Build.0 = Release|Any CPU
		{12865D78-4B7E-4C81-B0F5-E16B4F343890}.Debug|Any CPU.ActiveCfg = Debug|Any CPU
		{12865D78-4B7E-4C81-B0F5-E16B4F343890}.Debug|Any CPU.Build.0 = Debug|Any CPU
		{12865D78-4B7E-4C81-B0F5-E16B4F343890}.Debug|x64.ActiveCfg = Debug|Any CPU
		{12865D78-4B7E-4C81-B0F5-E16B4F343890}.Debug|x64.Build.0 = Debug|Any CPU
		{12865D78-4B7E-4C81-B0F5-E16B4F343890}.Debug|x86.ActiveCfg = Debug|Any CPU
		{12865D78-4B7E-4C81-B0F5-E16B4F343890}.Debug|x86.Build.0 = Debug|Any CPU
		{12865D78-4B7E-4C81-B0F5-E16B4F343890}.Release|Any CPU.ActiveCfg = Release|Any CPU
		{12865D78-4B7E-4C81-B0F5-E16B4F343890}.Release|Any CPU.Build.0 = Release|Any CPU
		{12865D78-4B7E-4C81-B0F5-E16B4F343890}.Release|x64.ActiveCfg = Release|Any CPU
		{12865D78-4B7E-4C81-B0F5-E16B4F343890}.Release|x64.Build.0 = Release|Any CPU
		{12865D78-4B7E-4C81-B0F5-E16B4F343890}.Release|x86.ActiveCfg = Release|Any CPU
		{12865D78-4B7E-4C81-B0F5-E16B4F343890}.Release|x86.Build.0 = Release|Any CPU
		{BBA8982D-9FD9-453E-8A24-1B8C7638F6F6}.Debug|Any CPU.ActiveCfg = Debug|Any CPU
		{BBA8982D-9FD9-453E-8A24-1B8C7638F6F6}.Debug|Any CPU.Build.0 = Debug|Any CPU
		{BBA8982D-9FD9-453E-8A24-1B8C7638F6F6}.Debug|x64.ActiveCfg = Debug|Any CPU
		{BBA8982D-9FD9-453E-8A24-1B8C7638F6F6}.Debug|x64.Build.0 = Debug|Any CPU
		{BBA8982D-9FD9-453E-8A24-1B8C7638F6F6}.Debug|x86.ActiveCfg = Debug|Any CPU
		{BBA8982D-9FD9-453E-8A24-1B8C7638F6F6}.Debug|x86.Build.0 = Debug|Any CPU
		{BBA8982D-9FD9-453E-8A24-1B8C7638F6F6}.Release|Any CPU.ActiveCfg = Release|Any CPU
		{BBA8982D-9FD9-453E-8A24-1B8C7638F6F6}.Release|Any CPU.Build.0 = Release|Any CPU
		{BBA8982D-9FD9-453E-8A24-1B8C7638F6F6}.Release|x64.ActiveCfg = Release|Any CPU
		{BBA8982D-9FD9-453E-8A24-1B8C7638F6F6}.Release|x64.Build.0 = Release|Any CPU
		{BBA8982D-9FD9-453E-8A24-1B8C7638F6F6}.Release|x86.ActiveCfg = Release|Any CPU
		{BBA8982D-9FD9-453E-8A24-1B8C7638F6F6}.Release|x86.Build.0 = Release|Any CPU
		{7450259F-8BF9-43A8-A731-43225E0A84EB}.Debug|Any CPU.ActiveCfg = Debug|Any CPU
		{7450259F-8BF9-43A8-A731-43225E0A84EB}.Debug|Any CPU.Build.0 = Debug|Any CPU
		{7450259F-8BF9-43A8-A731-43225E0A84EB}.Debug|x64.ActiveCfg = Debug|Any CPU
		{7450259F-8BF9-43A8-A731-43225E0A84EB}.Debug|x64.Build.0 = Debug|Any CPU
		{7450259F-8BF9-43A8-A731-43225E0A84EB}.Debug|x86.ActiveCfg = Debug|Any CPU
		{7450259F-8BF9-43A8-A731-43225E0A84EB}.Debug|x86.Build.0 = Debug|Any CPU
		{7450259F-8BF9-43A8-A731-43225E0A84EB}.Release|Any CPU.ActiveCfg = Release|Any CPU
		{7450259F-8BF9-43A8-A731-43225E0A84EB}.Release|Any CPU.Build.0 = Release|Any CPU
		{7450259F-8BF9-43A8-A731-43225E0A84EB}.Release|x64.ActiveCfg = Release|Any CPU
		{7450259F-8BF9-43A8-A731-43225E0A84EB}.Release|x64.Build.0 = Release|Any CPU
		{7450259F-8BF9-43A8-A731-43225E0A84EB}.Release|x86.ActiveCfg = Release|Any CPU
		{7450259F-8BF9-43A8-A731-43225E0A84EB}.Release|x86.Build.0 = Release|Any CPU
	EndGlobalSection
	GlobalSection(SolutionProperties) = preSolution
		HideSolutionNode = FALSE
	EndGlobalSection
	GlobalSection(ExtensibilityGlobals) = postSolution
		SolutionGuid = {8766614C-0AC2-4CA9-8091-7C455FBB3A64}
	EndGlobalSection
EndGlobal
